
Microsoft Visual Studio Solution File, Format Version 12.00
# Visual Studio 2013
VisualStudioVersion = 12.0.31101.0
MinimumVisualStudioVersion = 10.0.40219.1
Project("{FAE04EC0-301F-11D3-BF4B-00C04F79EFBC}") = "07-CaptainsLog", "07-CaptainsLog\07-CaptainsLog.csproj", "{A8266194-C242-4FA0-998C-ADBA17964E80}"
EndProject
Project("{FAE04EC0-301F-11D3-BF4B-00C04F79EFBC}") = "CaptainsLog.Core", "CaptainsLog.Core\CaptainsLog.Core.csproj", "{65CDB31E-7239-43C6-811A-340A48484521}"
EndProject
Global
	GlobalSection(SolutionConfigurationPlatforms) = preSolution
		Debug|Any CPU = Debug|Any CPU
		Release|Any CPU = Release|Any CPU
	EndGlobalSection
	GlobalSection(ProjectConfigurationPlatforms) = postSolution
		{A8266194-C242-4FA0-998C-ADBA17964E80}.Debug|Any CPU.ActiveCfg = Debug|Any CPU
		{A8266194-C242-4FA0-998C-ADBA17964E80}.Debug|Any CPU.Build.0 = Debug|Any CPU
		{A8266194-C242-4FA0-998C-ADBA17964E80}.Release|Any CPU.ActiveCfg = Release|Any CPU
		{A8266194-C242-4FA0-998C-ADBA17964E80}.Release|Any CPU.Build.0 = Release|Any CPU
		{65CDB31E-7239-43C6-811A-340A48484521}.Debug|Any CPU.ActiveCfg = Debug|Any CPU
		{65CDB31E-7239-43C6-811A-340A48484521}.Debug|Any CPU.Build.0 = Debug|Any CPU
		{65CDB31E-7239-43C6-811A-340A48484521}.Release|Any CPU.ActiveCfg = Release|Any CPU
		{65CDB31E-7239-43C6-811A-340A48484521}.Release|Any CPU.Build.0 = Release|Any CPU
	EndGlobalSection
	GlobalSection(SolutionProperties) = preSolution
		HideSolutionNode = FALSE
	EndGlobalSection
EndGlobal
